schema: '2.0'
stages:
  load_data:
    cmd: python src/data/load.py
    deps:
    - path: src/data/load.py
      hash: md5
      md5: 005f6f2e770b6d124d620b0975c837d8
      size: 251
    outs:
    - path: data/raw/data.csv
      hash: md5
      md5: 59f7e738b86be494a5083e86fefb8607
      size: 43
  process_data:
    cmd: python src/features/process.py
    deps:
    - path: data/raw/data.csv
      hash: md5
      md5: 59f7e738b86be494a5083e86fefb8607
      size: 43
    - path: src/features/process.py
      hash: md5
      md5: c728076bbb0221aebdd65ae5a5be15ad
      size: 286
    outs:
    - path: data/processed/clean.csv
      hash: md5
      md5: 113e813712abdb04929d5026133ea035
      size: 72
