schema: '2.0'
stages:
  load_data:
    cmd: python src/data/load.py
    deps:
    - path: data/raw/data.csv
      hash: md5
      md5: 59f7e738b86be494a5083e86fefb8607
      size: 43
    - path: src/data/load.py
      hash: md5
      md5: 941d3ee34b548244c1088d6c969a25e6
      size: 191
    outs:
    - path: data/processed/clean.csv
      hash: md5
      md5: 59f7e738b86be494a5083e86fefb8607
      size: 43
  process_data:
    cmd: python src/features/process.py
    deps:
    - path: data/processed/clean.csv
      hash: md5
      md5: 59f7e738b86be494a5083e86fefb8607
      size: 43
    - path: src/features/process.py
      hash: md5
      md5: f21fa04197b4c57aa8502aef9477353b
      size: 450
    outs:
    - path: data/processed/features.csv
      hash: md5
      md5: 59f7e738b86be494a5083e86fefb8607
      size: 43
  train_model:
    cmd: python src/models/train.py
    deps:
    - path: data/processed/features.csv
      hash: md5
      md5: 59f7e738b86be494a5083e86fefb8607
      size: 43
    - path: params.yaml
      hash: md5
      md5: 3efe48d7057d7a0984e7920fefaefacc
      size: 274
    - path: src/models/train.py
      hash: md5
      md5: 11ba85643af1705424fb1fb9a0a6375b
      size: 2950
    outs:
    - path: data/processed/test.npz
      hash: md5
      md5: 1263797a5ec4e5e2a74c299eca8b75a1
      size: 624
    - path: models/model.pkl
      hash: md5
      md5: 184fed408d827fe813d889f1d326e6f8
      size: 1151
  evaluate_model:
    cmd: python src/models/evaluate.py
    deps:
    - path: models/model.pkl
      hash: md5
      md5: a49799f0fddabb843b288d14a551bd40
      size: 50740
    - path: src/models/evaluate.py
      hash: md5
      md5: a91b792f52822ef4122165e6ddbbd3b3
      size: 622
    outs:
    - path: metrics.json
      hash: md5
      md5: 99ee1044f50f5521c3e05f671708b353
      size: 507
